[[package]]
name = "llvmlite"
version = "0.39.1"
description = "lightweight wrapper around basic LLVM functionality"
category = "dev"
optional = false
python-versions = ">=3.7"

[metadata]
lock-version = "1.1"
python-versions = "~3.10"
content-hash = "d184d40a19e6b197579b350eb02a41627441b8de071289f324aea11d86392d08"

[metadata.files]
llvmlite = []
